
Microsoft Visual Studio Solution File, Format Version 12.00
# Visual Studio Version 17
VisualStudioVersion = 17.3.32922.545
MinimumVisualStudioVersion = 10.0.40219.1
Project("{9A19103F-16F7-4668-BE54-9A1E7A4F7556}") = "Cruises.Models", "Cruises.Models\Cruises.Models.csproj", "{40E86549-EE43-4EA3-9C69-5EBCB6113630}"
EndProject
Project("{9A19103F-16F7-4668-BE54-9A1E7A4F7556}") = "Cruises.Data", "Cruises.Data\Cruises.Data.csproj", "{26C9E3F9-0750-463E-9374-7D2B905946CD}"
EndProject
Project("{FAE04EC0-301F-11D3-BF4B-00C04F79EFBC}") = "Cruises.Service", "Cruises.Service\Cruises.Service.csproj", "{11F9E2BE-665D-4E5D-8112-2DD70C334856}"
EndProject
Project("{FAE04EC0-301F-11D3-BF4B-00C04F79EFBC}") = "Cruises.ConsoleApp", "Cruises.ConsoleApp\Cruises.ConsoleApp.csproj", "{F790AEF5-1745-448A-90EC-180ABD4C5B2A}"
EndProject
Global
	GlobalSection(SolutionConfigurationPlatforms) = preSolution
		Debug|Any CPU = Debug|Any CPU
		Release|Any CPU = Release|Any CPU
	EndGlobalSection
	GlobalSection(ProjectConfigurationPlatforms) = postSolution
		{40E86549-EE43-4EA3-9C69-5EBCB6113630}.Debug|Any CPU.ActiveCfg = Debug|Any CPU
		{40E86549-EE43-4EA3-9C69-5EBCB6113630}.Debug|Any CPU.Build.0 = Debug|Any CPU
		{40E86549-EE43-4EA3-9C69-5EBCB6113630}.Release|Any CPU.ActiveCfg = Release|Any CPU
		{40E86549-EE43-4EA3-9C69-5EBCB6113630}.Release|Any CPU.Build.0 = Release|Any CPU
		{26C9E3F9-0750-463E-9374-7D2B905946CD}.Debug|Any CPU.ActiveCfg = Debug|Any CPU
		{26C9E3F9-0750-463E-9374-7D2B905946CD}.Debug|Any CPU.Build.0 = Debug|Any CPU
		{26C9E3F9-0750-463E-9374-7D2B905946CD}.Release|Any CPU.ActiveCfg = Release|Any CPU
		{26C9E3F9-0750-463E-9374-7D2B905946CD}.Release|Any CPU.Build.0 = Release|Any CPU
		{11F9E2BE-665D-4E5D-8112-2DD70C334856}.Debug|Any CPU.ActiveCfg = Debug|Any CPU
		{11F9E2BE-665D-4E5D-8112-2DD70C334856}.Debug|Any CPU.Build.0 = Debug|Any CPU
		{11F9E2BE-665D-4E5D-8112-2DD70C334856}.Release|Any CPU.ActiveCfg = Release|Any CPU
		{11F9E2BE-665D-4E5D-8112-2DD70C334856}.Release|Any CPU.Build.0 = Release|Any CPU
		{F790AEF5-1745-448A-90EC-180ABD4C5B2A}.Debug|Any CPU.ActiveCfg = Debug|Any CPU
		{F790AEF5-1745-448A-90EC-180ABD4C5B2A}.Debug|Any CPU.Build.0 = Debug|Any CPU
		{F790AEF5-1745-448A-90EC-180ABD4C5B2A}.Release|Any CPU.ActiveCfg = Release|Any CPU
		{F790AEF5-1745-448A-90EC-180ABD4C5B2A}.Release|Any CPU.Build.0 = Release|Any CPU
	EndGlobalSection
	GlobalSection(SolutionProperties) = preSolution
		HideSolutionNode = FALSE
	EndGlobalSection
	GlobalSection(ExtensibilityGlobals) = postSolution
		SolutionGuid = {84AE11B9-5C62-4E32-AD93-D49D4902717D}
	EndGlobalSection
EndGlobal
